
Microsoft Visual Studio Solution File, Format Version 12.00
# Visual Studio Version 16
VisualStudioVersion = 16.0.30517.126
MinimumVisualStudioVersion = 10.0.40219.1
Project("{FAE04EC0-301F-11D3-BF4B-00C04F79EFBC}") = "Andreus.Utils", "Andreus.Utils\Andreus.Utils.csproj", "{50B5BA1F-CF29-474C-A85C-36D706B5A2D1}"
EndProject
Global
	GlobalSection(SolutionConfigurationPlatforms) = preSolution
		Debug|Any CPU = Debug|Any CPU
		Release|Any CPU = Release|Any CPU
	EndGlobalSection
	GlobalSection(ProjectConfigurationPlatforms) = postSolution
		{50B5BA1F-CF29-474C-A85C-36D706B5A2D1}.Debug|Any CPU.ActiveCfg = Debug|Any CPU
		{50B5BA1F-CF29-474C-A85C-36D706B5A2D1}.Debug|Any CPU.Build.0 = Debug|Any CPU
		{50B5BA1F-CF29-474C-A85C-36D706B5A2D1}.Release|Any CPU.ActiveCfg = Release|Any CPU
		{50B5BA1F-CF29-474C-A85C-36D706B5A2D1}.Release|Any CPU.Build.0 = Release|Any CPU
	EndGlobalSection
	GlobalSection(SolutionProperties) = preSolution
		HideSolutionNode = FALSE
	EndGlobalSection
	GlobalSection(ExtensibilityGlobals) = postSolution
		SolutionGuid = {D66275EC-F227-423B-84D7-12276C466BE5}
	EndGlobalSection
EndGlobal
